version = 2

[dependencies.creative-writing-skills]
url = "github.com/haowjy/creative-writing-skills"
version = "v0.3.3"
commit = "29d6faa85ec710e2a49ddd053496f7a984b7861d"

[dependencies.meridian-base]
url = "github.com/meridian-flow/meridian-base"
version = "v0.4.7"
commit = "9e5241db4979f801575261e5e289bb22d18efe9d"

[items."agent/bard"]
source = "creative-writing-skills"
kind = "agent"
version = "v0.3.3"
source_checksum = "sha256:5e8bdd7894db7e47d597743eb6276080afa21e20512cbaeb78591e869541704d"

[[items."agent/bard".outputs]]
target_root = ".mars"
dest_path = "agents/bard.md"
installed_checksum = "sha256:5e8bdd7894db7e47d597743eb6276080afa21e20512cbaeb78591e869541704d"

[items."agent/brainstormer"]
source = "creative-writing-skills"
kind = "agent"
version = "v0.3.3"
source_checksum = "sha256:f852b0b343c002bb73dbe0196971bb334d107f1d9a7c3fabdb055242e27b6a42"

[[items."agent/brainstormer".outputs]]
target_root = ".mars"
dest_path = "agents/brainstormer.md"
installed_checksum = "sha256:f852b0b343c002bb73dbe0196971bb334d107f1d9a7c3fabdb055242e27b6a42"

[items."agent/bridge-writer"]
source = "creative-writing-skills"
kind = "agent"
version = "v0.3.3"
source_checksum = "sha256:e2a8fc16324ed4ef2916fdd914b9a568ec9c95e5fccb3bf8bd158aeb677735c8"

[[items."agent/bridge-writer".outputs]]
target_root = ".mars"
dest_path = "agents/bridge-writer.md"
installed_checksum = "sha256:e2a8fc16324ed4ef2916fdd914b9a568ec9c95e5fccb3bf8bd158aeb677735c8"

[items."agent/character-sim"]
source = "creative-writing-skills"
kind = "agent"
version = "v0.3.3"
source_checksum = "sha256:c644f5c1655a014686147a47e2b1b8200c0b59b36565a45b899b1892bf80547f"

[[items."agent/character-sim".outputs]]
target_root = ".mars"
dest_path = "agents/character-sim.md"
installed_checksum = "sha256:c644f5c1655a014686147a47e2b1b8200c0b59b36565a45b899b1892bf80547f"

[items."agent/chronicler"]
source = "creative-writing-skills"
kind = "agent"
version = "v0.3.3"
source_checksum = "sha256:1db5dca84f00f22b11797281c36d59094d5ecde1bc1cf4e8a4777d945837ca8d"

[[items."agent/chronicler".outputs]]
target_root = ".mars"
dest_path = "agents/chronicler.md"
installed_checksum = "sha256:1db5dca84f00f22b11797281c36d59094d5ecde1bc1cf4e8a4777d945837ca8d"

[items."agent/continuity-checker"]
source = "creative-writing-skills"
kind = "agent"
version = "v0.3.3"
source_checksum = "sha256:339bb14f216cef44df09b4857898d881fe9dfa6ce30b2f09b67710c377727dae"

[[items."agent/continuity-checker".outputs]]
target_root = ".mars"
dest_path = "agents/continuity-checker.md"
installed_checksum = "sha256:339bb14f216cef44df09b4857898d881fe9dfa6ce30b2f09b67710c377727dae"

[items."agent/critic"]
source = "creative-writing-skills"
kind = "agent"
version = "v0.3.3"
source_checksum = "sha256:d50a15687c3a7fd3e3b854faef026edc04f0c51a213bb1f2ac92940f0e9e0b8f"

[[items."agent/critic".outputs]]
target_root = ".mars"
dest_path = "agents/critic.md"
installed_checksum = "sha256:d50a15687c3a7fd3e3b854faef026edc04f0c51a213bb1f2ac92940f0e9e0b8f"

[items."agent/explorer"]
source = "meridian-base"
kind = "agent"
version = "v0.4.7"
source_checksum = "sha256:f5b6e0f51ad7c33f4f9f7873570ad749c6cf92139763c23e870e9d725ea24864"

[[items."agent/explorer".outputs]]
target_root = ".mars"
dest_path = "agents/explorer.md"
installed_checksum = "sha256:f5b6e0f51ad7c33f4f9f7873570ad749c6cf92139763c23e870e9d725ea24864"

[items."agent/kb-maintainer"]
source = "meridian-base"
kind = "agent"
version = "v0.4.7"
source_checksum = "sha256:cfaa1aa01244d87b50d370f89c6753e8a37b2005d129b5f886e885afb65b61a1"

[[items."agent/kb-maintainer".outputs]]
target_root = ".mars"
dest_path = "agents/kb-maintainer.md"
installed_checksum = "sha256:cfaa1aa01244d87b50d370f89c6753e8a37b2005d129b5f886e885afb65b61a1"

[items."agent/kb-writer"]
source = "meridian-base"
kind = "agent"
version = "v0.4.7"
source_checksum = "sha256:faee76f73c4df2489e888a5d672626d97dbdf8ae0da0ae4a95432449e044d6cc"

[[items."agent/kb-writer".outputs]]
target_root = ".mars"
dest_path = "agents/kb-writer.md"
installed_checksum = "sha256:faee76f73c4df2489e888a5d672626d97dbdf8ae0da0ae4a95432449e044d6cc"

[items."agent/lore-keeper"]
source = "creative-writing-skills"
kind = "agent"
version = "v0.3.3"
source_checksum = "sha256:e6079ac47906dd53c0a48f940adc1e999ce6432af8f4d588440937763d607d2e"

[[items."agent/lore-keeper".outputs]]
target_root = ".mars"
dest_path = "agents/lore-keeper.md"
installed_checksum = "sha256:e6079ac47906dd53c0a48f940adc1e999ce6432af8f4d588440937763d607d2e"

[items."agent/meridian-default-orchestrator"]
source = "meridian-base"
kind = "agent"
version = "v0.4.7"
source_checksum = "sha256:169689fb2f230dd4025eccc6cd215f7e9db3ee3a3d6c4d546f6e71f3218ab073"

[[items."agent/meridian-default-orchestrator".outputs]]
target_root = ".mars"
dest_path = "agents/meridian-default-orchestrator.md"
installed_checksum = "sha256:169689fb2f230dd4025eccc6cd215f7e9db3ee3a3d6c4d546f6e71f3218ab073"

[items."agent/meridian-subagent"]
source = "meridian-base"
kind = "agent"
version = "v0.4.7"
source_checksum = "sha256:9aff23fa784393acaf1570b32415045de4ef952ab6378f967b69ba87c22f86b2"

[[items."agent/meridian-subagent".outputs]]
target_root = ".mars"
dest_path = "agents/meridian-subagent.md"
installed_checksum = "sha256:9aff23fa784393acaf1570b32415045de4ef952ab6378f967b69ba87c22f86b2"

[items."agent/muse"]
source = "creative-writing-skills"
kind = "agent"
version = "v0.3.3"
source_checksum = "sha256:a8e5fada15514efb57277c729c57f8c1ebebd44aa0661a382dca332e9f3bd61c"

[[items."agent/muse".outputs]]
target_root = ".mars"
dest_path = "agents/muse.md"
installed_checksum = "sha256:a8e5fada15514efb57277c729c57f8c1ebebd44aa0661a382dca332e9f3bd61c"

[items."agent/outliner"]
source = "creative-writing-skills"
kind = "agent"
version = "v0.3.3"
source_checksum = "sha256:b7f3dcc5abc285d5aaa46e6b6ed2f3c9094502fd09764b061acaaeb269a4447a"

[[items."agent/outliner".outputs]]
target_root = ".mars"
dest_path = "agents/outliner.md"
installed_checksum = "sha256:b7f3dcc5abc285d5aaa46e6b6ed2f3c9094502fd09764b061acaaeb269a4447a"

[items."agent/reader-sim"]
source = "creative-writing-skills"
kind = "agent"
version = "v0.3.3"
source_checksum = "sha256:0de8cd740d1007f5ec2ab05d8785a4c8065c9f3f1df05ba151c73195164a8a5d"

[[items."agent/reader-sim".outputs]]
target_root = ".mars"
dest_path = "agents/reader-sim.md"
installed_checksum = "sha256:0de8cd740d1007f5ec2ab05d8785a4c8065c9f3f1df05ba151c73195164a8a5d"

[items."agent/revision-writer"]
source = "creative-writing-skills"
kind = "agent"
version = "v0.3.3"
source_checksum = "sha256:aaa9b8b4d5949f00ed49437f33759905ae3c66b599de7b07158ceb19abc996bf"

[[items."agent/revision-writer".outputs]]
target_root = ".mars"
dest_path = "agents/revision-writer.md"
installed_checksum = "sha256:aaa9b8b4d5949f00ed49437f33759905ae3c66b599de7b07158ceb19abc996bf"

[items."agent/session-explorer"]
source = "meridian-base"
kind = "agent"
version = "v0.4.7"
source_checksum = "sha256:02e114bdd270825474574c9873d37f86aea0a163abebdbf3ba14d2b2503ec6ff"

[[items."agent/session-explorer".outputs]]
target_root = ".mars"
dest_path = "agents/session-explorer.md"
installed_checksum = "sha256:02e114bdd270825474574c9873d37f86aea0a163abebdbf3ba14d2b2503ec6ff"

[items."agent/style-creator"]
source = "creative-writing-skills"
kind = "agent"
version = "v0.3.3"
source_checksum = "sha256:b406002c89935de45672fd0af09669686882899ba4ab220a5f513dc33211c714"

[[items."agent/style-creator".outputs]]
target_root = ".mars"
dest_path = "agents/style-creator.md"
installed_checksum = "sha256:b406002c89935de45672fd0af09669686882899ba4ab220a5f513dc33211c714"

[items."agent/writer"]
source = "creative-writing-skills"
kind = "agent"
version = "v0.3.3"
source_checksum = "sha256:343f970a55d206daa14ab7b9eefdc90a78379a86f904fb2e0b331422c6091a9e"

[[items."agent/writer".outputs]]
target_root = ".mars"
dest_path = "agents/writer.md"
installed_checksum = "sha256:343f970a55d206daa14ab7b9eefdc90a78379a86f904fb2e0b331422c6091a9e"

[items."bootstrap-doc/context-setup"]
source = "meridian-base"
kind = "bootstrapdoc"
version = "v0.4.7"
source_checksum = "sha256:661a72b41dd8157a0ad291e4354537701e8901c92f2b622141ea54ffe8db34da"

[[items."bootstrap-doc/context-setup".outputs]]
target_root = ".mars"
dest_path = "bootstrap/context-setup/BOOTSTRAP.md"
installed_checksum = "sha256:661a72b41dd8157a0ad291e4354537701e8901c92f2b622141ea54ffe8db34da"

[items."bootstrap-doc/harness-setup"]
source = "meridian-base"
kind = "bootstrapdoc"
version = "v0.4.7"
source_checksum = "sha256:2a25bc3823f8b9c6d18cd721aec06fa6b5f9533cb628057c8f9b2ebb74c186b4"

[[items."bootstrap-doc/harness-setup".outputs]]
target_root = ".mars"
dest_path = "bootstrap/harness-setup/BOOTSTRAP.md"
installed_checksum = "sha256:2a25bc3823f8b9c6d18cd721aec06fa6b5f9533cb628057c8f9b2ebb74c186b4"

[items."bootstrap-doc/meridian-guide"]
source = "meridian-base"
kind = "bootstrapdoc"
version = "v0.4.7"
source_checksum = "sha256:60f907391073f6966174905413af3d957ab45bbec60f82d269e892ec02f71416"

[[items."bootstrap-doc/meridian-guide".outputs]]
target_root = ".mars"
dest_path = "bootstrap/meridian-guide/BOOTSTRAP.md"
installed_checksum = "sha256:60f907391073f6966174905413af3d957ab45bbec60f82d269e892ec02f71416"

[items."bootstrap-doc/project-knowledge"]
source = "meridian-base"
kind = "bootstrapdoc"
version = "v0.4.7"
source_checksum = "sha256:93fdf84cc9b466a456fe0db033f4a9fced6553f4fc86b552d9b607047ab5f0af"

[[items."bootstrap-doc/project-knowledge".outputs]]
target_root = ".mars"
dest_path = "bootstrap/project-knowledge/BOOTSTRAP.md"
installed_checksum = "sha256:93fdf84cc9b466a456fe0db033f4a9fced6553f4fc86b552d9b607047ab5f0af"

[items."bootstrap-doc/project-setup"]
source = "creative-writing-skills"
kind = "bootstrapdoc"
version = "v0.3.3"
source_checksum = "sha256:ab2d0df057ecbe73f47a307a24f83ad6ecde281fdb3ca54ed502be1a2f5f85ac"

[[items."bootstrap-doc/project-setup".outputs]]
target_root = ".mars"
dest_path = "bootstrap/project-setup/BOOTSTRAP.md"
installed_checksum = "sha256:ab2d0df057ecbe73f47a307a24f83ad6ecde281fdb3ca54ed502be1a2f5f85ac"

[items."bootstrap-doc/workspace-setup"]
source = "meridian-base"
kind = "bootstrapdoc"
version = "v0.4.7"
source_checksum = "sha256:12cfc12a6df6683b0f1004648458fcc81ce16c0f2ecd4be713cfa5aabd93b373"

[[items."bootstrap-doc/workspace-setup".outputs]]
target_root = ".mars"
dest_path = "bootstrap/workspace-setup/BOOTSTRAP.md"
installed_checksum = "sha256:12cfc12a6df6683b0f1004648458fcc81ce16c0f2ecd4be713cfa5aabd93b373"

[items."skill/agent-management"]
source = "meridian-base"
kind = "skill"
version = "v0.4.7"
source_checksum = "sha256:dbe2bd94c03e7f6e6cf95868828ff669a147f8ed5a1b8821eabb6bfe89f65175"

[[items."skill/agent-management".outputs]]
target_root = ".mars"
dest_path = "skills/agent-management"
installed_checksum = "sha256:dbe2bd94c03e7f6e6cf95868828ff669a147f8ed5a1b8821eabb6bfe89f65175"

[items."skill/brainstorming"]
source = "creative-writing-skills"
kind = "skill"
version = "v0.3.3"
source_checksum = "sha256:61ceb0a3d3f7916968d2af62b1321da4eae079d1f79cd460e83ba1ceb58488c8"

[[items."skill/brainstorming".outputs]]
target_root = ".mars"
dest_path = "skills/brainstorming"
installed_checksum = "sha256:61ceb0a3d3f7916968d2af62b1321da4eae079d1f79cd460e83ba1ceb58488c8"

[items."skill/clear-mind"]
source = "meridian-base"
kind = "skill"
version = "v0.4.7"
source_checksum = "sha256:e5486fc636f9922cb4ef784a1c20de8dd0c58e8d086ff37cafb411295e4224a5"

[[items."skill/clear-mind".outputs]]
target_root = ".mars"
dest_path = "skills/clear-mind"
installed_checksum = "sha256:e5486fc636f9922cb4ef784a1c20de8dd0c58e8d086ff37cafb411295e4224a5"

[items."skill/decision-log"]
source = "meridian-base"
kind = "skill"
version = "v0.4.7"
source_checksum = "sha256:82f321dd44e62dc10092e32865cd3d4bc2597af80a1594fc8711735f30a8aa00"

[[items."skill/decision-log".outputs]]
target_root = ".mars"
dest_path = "skills/decision-log"
installed_checksum = "sha256:82f321dd44e62dc10092e32865cd3d4bc2597af80a1594fc8711735f30a8aa00"

[items."skill/grill-with-docs"]
source = "meridian-base"
kind = "skill"
version = "v0.4.7"
source_checksum = "sha256:fa10aacb70f70b7f271b4ffb195b67373f34b80697fd49e89b08e600695921e9"

[[items."skill/grill-with-docs".outputs]]
target_root = ".mars"
dest_path = "skills/grill-with-docs"
installed_checksum = "sha256:fa10aacb70f70b7f271b4ffb195b67373f34b80697fd49e89b08e600695921e9"

[items."skill/intent-modeling"]
source = "meridian-base"
kind = "skill"
version = "v0.4.7"
source_checksum = "sha256:a44583d5d6d6796053e3f5ca9ea7c2ffe3fac2d77c9347d5a774dc527a2dcc44"

[[items."skill/intent-modeling".outputs]]
target_root = ".mars"
dest_path = "skills/intent-modeling"
installed_checksum = "sha256:a44583d5d6d6796053e3f5ca9ea7c2ffe3fac2d77c9347d5a774dc527a2dcc44"

[items."skill/kb-conventions"]
source = "meridian-base"
kind = "skill"
version = "v0.4.7"
source_checksum = "sha256:b7f1eae40e9a38bbb9bff3b0db27df75c05483f0b8f25e5d173065d864461368"

[[items."skill/kb-conventions".outputs]]
target_root = ".mars"
dest_path = "skills/kb-conventions"
installed_checksum = "sha256:b7f1eae40e9a38bbb9bff3b0db27df75c05483f0b8f25e5d173065d864461368"

[items."skill/llm-writing"]
source = "meridian-base"
kind = "skill"
version = "v0.4.7"
source_checksum = "sha256:a37163bbb99919da9478ca4d6b0e5162118727e13f176fa3a74dd11a1874a1ca"

[[items."skill/llm-writing".outputs]]
target_root = ".mars"
dest_path = "skills/llm-writing"
installed_checksum = "sha256:a37163bbb99919da9478ca4d6b0e5162118727e13f176fa3a74dd11a1874a1ca"

[items."skill/md-validation"]
source = "meridian-base"
kind = "skill"
version = "v0.4.7"
source_checksum = "sha256:4d684233ffa7a792e07799c3e583c507597dc2cb069a9ddc3b75e74981c8ddc7"

[[items."skill/md-validation".outputs]]
target_root = ".mars"
dest_path = "skills/md-validation"
installed_checksum = "sha256:4d684233ffa7a792e07799c3e583c507597dc2cb069a9ddc3b75e74981c8ddc7"

[items."skill/meridian-privilege-escalation"]
source = "meridian-base"
kind = "skill"
version = "v0.4.7"
source_checksum = "sha256:2baabb91a1d2351018089ac76c5ea308c729f77068419193c20e1c5b2eee6c9f"

[[items."skill/meridian-privilege-escalation".outputs]]
target_root = ".mars"
dest_path = "skills/meridian-privilege-escalation"
installed_checksum = "sha256:2baabb91a1d2351018089ac76c5ea308c729f77068419193c20e1c5b2eee6c9f"

[items."skill/meridian-spawn"]
source = "meridian-base"
kind = "skill"
version = "v0.4.7"
source_checksum = "sha256:c62096e50d0f2405d94786e1bf7c82675cbcc2f0b5f2df192a7f894b2827bc55"

[[items."skill/meridian-spawn".outputs]]
target_root = ".mars"
dest_path = "skills/meridian-spawn"
installed_checksum = "sha256:c62096e50d0f2405d94786e1bf7c82675cbcc2f0b5f2df192a7f894b2827bc55"

[items."skill/meridian-work-coordination"]
source = "meridian-base"
kind = "skill"
version = "v0.4.7"
source_checksum = "sha256:f5dfb9498fa4c7d036510a9e052794d15309143427ac7feaab0299f7a11bd3a0"

[[items."skill/meridian-work-coordination".outputs]]
target_root = ".mars"
dest_path = "skills/meridian-work-coordination"
installed_checksum = "sha256:f5dfb9498fa4c7d036510a9e052794d15309143427ac7feaab0299f7a11bd3a0"

[items."skill/prose-critique"]
source = "creative-writing-skills"
kind = "skill"
version = "v0.3.3"
source_checksum = "sha256:b60cbc1fc570b1147b326342144673990d9521fdb0e2193e1df7fa4dfe1ebeca"

[[items."skill/prose-critique".outputs]]
target_root = ".mars"
dest_path = "skills/prose-critique"
installed_checksum = "sha256:b60cbc1fc570b1147b326342144673990d9521fdb0e2193e1df7fa4dfe1ebeca"

[items."skill/prose-writing"]
source = "creative-writing-skills"
kind = "skill"
version = "v0.3.3"
source_checksum = "sha256:2085d75de8611cac009a5ed8ee4174e89542825c588ec40048ad0ee3e490aef5"

[[items."skill/prose-writing".outputs]]
target_root = ".mars"
dest_path = "skills/prose-writing"
installed_checksum = "sha256:2085d75de8611cac009a5ed8ee4174e89542825c588ec40048ad0ee3e490aef5"

[items."skill/qi-layer"]
source = "meridian-base"
kind = "skill"
version = "v0.4.7"
source_checksum = "sha256:ed2a365c6ad695f41dfac15fb7742b035ff2a85f05362a90a3a37c197331b38f"

[[items."skill/qi-layer".outputs]]
target_root = ".mars"
dest_path = "skills/qi-layer"
installed_checksum = "sha256:ed2a365c6ad695f41dfac15fb7742b035ff2a85f05362a90a3a37c197331b38f"

[items."skill/reflection"]
source = "meridian-base"
kind = "skill"
version = "v0.4.7"
source_checksum = "sha256:d8826968a29dfc3b3607320e1c56b0722c1aaf54bbc9ca022011b5437c5004b3"

[[items."skill/reflection".outputs]]
target_root = ".mars"
dest_path = "skills/reflection"
installed_checksum = "sha256:d8826968a29dfc3b3607320e1c56b0722c1aaf54bbc9ca022011b5437c5004b3"

[items."skill/scene-construction"]
source = "creative-writing-skills"
kind = "skill"
version = "v0.3.3"
source_checksum = "sha256:9533edaa1f4e74a769314395ecd6fc69891a42bcd91bb8d630554b56ac45921a"

[[items."skill/scene-construction".outputs]]
target_root = ".mars"
dest_path = "skills/scene-construction"
installed_checksum = "sha256:9533edaa1f4e74a769314395ecd6fc69891a42bcd91bb8d630554b56ac45921a"

[items."skill/session-mining"]
source = "meridian-base"
kind = "skill"
version = "v0.4.7"
source_checksum = "sha256:ffaa9227f9724d4a1c4beb2d44d639ea08d2aa52126af51e7205fa033168f52b"

[[items."skill/session-mining".outputs]]
target_root = ".mars"
dest_path = "skills/session-mining"
installed_checksum = "sha256:ffaa9227f9724d4a1c4beb2d44d639ea08d2aa52126af51e7205fa033168f52b"

[items."skill/shared-workspace"]
source = "meridian-base"
kind = "skill"
version = "v0.4.7"
source_checksum = "sha256:3f9792bf96862b2847df7372753883b78c3da6cc3f7c8e226ba09227e1a6e385"

[[items."skill/shared-workspace".outputs]]
target_root = ".mars"
dest_path = "skills/shared-workspace"
installed_checksum = "sha256:3f9792bf96862b2847df7372753883b78c3da6cc3f7c8e226ba09227e1a6e385"

[items."skill/story-architecture"]
source = "creative-writing-skills"
kind = "skill"
version = "v0.3.3"
source_checksum = "sha256:0e8fc0e92cd34cd8f18268c06f879113b03791c924887b82bbcf6124e3994e83"

[[items."skill/story-architecture".outputs]]
target_root = ".mars"
dest_path = "skills/story-architecture"
installed_checksum = "sha256:0e8fc0e92cd34cd8f18268c06f879113b03791c924887b82bbcf6124e3994e83"

[items."skill/story-context"]
source = "creative-writing-skills"
kind = "skill"
version = "v0.3.3"
source_checksum = "sha256:bf63b7aff84640d2727685e0983c96f2c68be841c059d0d52177371c2ae3c471"

[[items."skill/story-context".outputs]]
target_root = ".mars"
dest_path = "skills/story-context"
installed_checksum = "sha256:bf63b7aff84640d2727685e0983c96f2c68be841c059d0d52177371c2ae3c471"

[items."skill/style-analysis"]
source = "creative-writing-skills"
kind = "skill"
version = "v0.3.3"
source_checksum = "sha256:f01a819a87b6c566282d6c38779cd12e19d680ba96d67e4277b91960d9b25058"

[[items."skill/style-analysis".outputs]]
target_root = ".mars"
dest_path = "skills/style-analysis"
installed_checksum = "sha256:f01a819a87b6c566282d6c38779cd12e19d680ba96d67e4277b91960d9b25058"

[items."skill/writing-artifacts"]
source = "creative-writing-skills"
kind = "skill"
version = "v0.3.3"
source_checksum = "sha256:aabeb5cfd4b97acdb2a947875c1164db51592de69a22ccf726ea44ebcc52f3ae"

[[items."skill/writing-artifacts".outputs]]
target_root = ".mars"
dest_path = "skills/writing-artifacts"
installed_checksum = "sha256:aabeb5cfd4b97acdb2a947875c1164db51592de69a22ccf726ea44ebcc52f3ae"

[items."skill/writing-issues"]
source = "creative-writing-skills"
kind = "skill"
version = "v0.3.3"
source_checksum = "sha256:e9b4107fda4f97dc82604179dee053f60ce8a1013900d81d46b11754d41f55ac"

[[items."skill/writing-issues".outputs]]
target_root = ".mars"
dest_path = "skills/writing-issues"
installed_checksum = "sha256:e9b4107fda4f97dc82604179dee053f60ce8a1013900d81d46b11754d41f55ac"

[items."skill/writing-principles"]
source = "creative-writing-skills"
kind = "skill"
version = "v0.3.3"
source_checksum = "sha256:bd2d9e030a959f22904c2c83fe7aed6dddb254884ad92ca87ab749961b199faa"

[[items."skill/writing-principles".outputs]]
target_root = ".mars"
dest_path = "skills/writing-principles"
installed_checksum = "sha256:bd2d9e030a959f22904c2c83fe7aed6dddb254884ad92ca87ab749961b199faa"

[items."skill/writing-staffing"]
source = "creative-writing-skills"
kind = "skill"
version = "v0.3.3"
source_checksum = "sha256:7e41d3b613860e1682546f1c3855f4aa4ec85dd0d1dd14b26edef29994286c9f"

[[items."skill/writing-staffing".outputs]]
target_root = ".mars"
dest_path = "skills/writing-staffing"
installed_checksum = "sha256:7e41d3b613860e1682546f1c3855f4aa4ec85dd0d1dd14b26edef29994286c9f"
