version = 1

[dependencies.anthropic-skills]
url = "https://github.com/anthropics/skills"
commit = "12ab35c2eb5668c95810e6a6066f40f4218adc39"

[dependencies.creative-writing-skills]
url = "https://github.com/haowjy/creative-writing-skills"
version = "v0.0.9"
commit = "75d3e318dc1f0d2d71e22a859ae4a732550f863f"

[dependencies.meridian-base]
url = "https://github.com/haowjy/meridian-base"
version = "v0.0.12"
commit = "2112a5c9fb7b450ef1b5a3346d2397c3053ea0ae"

[dependencies.meridian-dev-workflow]
url = "https://github.com/haowjy/meridian-dev-workflow"
version = "v0.0.12"
commit = "ba947a2b00c290d55b306881635172e13975d5fa"

[items."agents/brainstormer.md"]
source = "creative-writing-skills"
kind = "agent"
version = "v0.0.8"
source_checksum = "sha256:d83aa7d681d03383afc5590d33c8259ffcfaff88bf5bc96fc3ab397a1b2e58ea"
installed_checksum = "sha256:d83aa7d681d03383afc5590d33c8259ffcfaff88bf5bc96fc3ab397a1b2e58ea"
dest_path = "agents/brainstormer.md"

[items."agents/character-sim.md"]
source = "creative-writing-skills"
kind = "agent"
version = "v0.0.8"
source_checksum = "sha256:3b3c2298e369ed12890e0227b0d286d879105c4424456e09cc163b79737ed04c"
installed_checksum = "sha256:3b3c2298e369ed12890e0227b0d286d879105c4424456e09cc163b79737ed04c"
dest_path = "agents/character-sim.md"

[items."agents/chronicler.md"]
source = "creative-writing-skills"
kind = "agent"
version = "v0.0.8"
source_checksum = "sha256:438be2e8565549a1b9c2f0de7ab634b5d7ba79ce5428f37ffb34c3cd9f390431"
installed_checksum = "sha256:438be2e8565549a1b9c2f0de7ab634b5d7ba79ce5428f37ffb34c3cd9f390431"
dest_path = "agents/chronicler.md"

[items."agents/continuity-checker.md"]
source = "creative-writing-skills"
kind = "agent"
version = "v0.0.8"
source_checksum = "sha256:ee483a723dde5996796451485f899aedbc37d54c1bec8546203093875d328dd1"
installed_checksum = "sha256:ee483a723dde5996796451485f899aedbc37d54c1bec8546203093875d328dd1"
dest_path = "agents/continuity-checker.md"

[items."agents/critic.md"]
source = "creative-writing-skills"
kind = "agent"
version = "v0.0.8"
source_checksum = "sha256:6b657e1098b169a386a4a08fd5a07905bd1f4b60317e936d1a1cf257c76fc614"
installed_checksum = "sha256:6b657e1098b169a386a4a08fd5a07905bd1f4b60317e936d1a1cf257c76fc614"
dest_path = "agents/critic.md"

[items."agents/draft-orchestrator.md"]
source = "creative-writing-skills"
kind = "agent"
version = "v0.0.8"
source_checksum = "sha256:10a17b0452e32bc93158e89b533f9ca8ca9b5c51e28e34909d334dec1a6970b6"
installed_checksum = "sha256:10a17b0452e32bc93158e89b533f9ca8ca9b5c51e28e34909d334dec1a6970b6"
dest_path = "agents/draft-orchestrator.md"

[items."agents/explorer.md"]
source = "creative-writing-skills"
kind = "agent"
version = "v0.0.6"
source_checksum = "sha256:c8e0240d004cbe7360e3852f339429a36dce31f08263f1df2a51fd16c5aaeb0b"
installed_checksum = "sha256:c8e0240d004cbe7360e3852f339429a36dce31f08263f1df2a51fd16c5aaeb0b"
dest_path = "agents/explorer.md"

[items."agents/graph-maintainer.md"]
source = "creative-writing-skills"
kind = "agent"
version = "v0.0.8"
source_checksum = "sha256:53b7ead2342bfb9900ac80f76f8c52c75a2acd383201dd03827a364f87d49bae"
installed_checksum = "sha256:53b7ead2342bfb9900ac80f76f8c52c75a2acd383201dd03827a364f87d49bae"
dest_path = "agents/graph-maintainer.md"

[items."agents/knowledge-orchestrator.md"]
source = "creative-writing-skills"
kind = "agent"
version = "v0.0.6"
source_checksum = "sha256:6ed7b967d809bc207244b82fdc434dcbf2487caf902dacec72009bf03027b491"
installed_checksum = "sha256:6ed7b967d809bc207244b82fdc434dcbf2487caf902dacec72009bf03027b491"
dest_path = "agents/knowledge-orchestrator.md"

[items."agents/meridian-default-orchestrator.md"]
source = "meridian-base"
kind = "agent"
version = "v0.0.12"
source_checksum = "sha256:50d05d905ee275b9ae196cd60480b35e540dcb76cc775a38ad3299a191364dd6"
installed_checksum = "sha256:50d05d905ee275b9ae196cd60480b35e540dcb76cc775a38ad3299a191364dd6"
dest_path = "agents/meridian-default-orchestrator.md"

[items."agents/meridian-subagent.md"]
source = "meridian-base"
kind = "agent"
version = "v0.0.12"
source_checksum = "sha256:ac081428ccb528455714122ca0d7ea0a433da2540c746e8da7cb88a0d547ea63"
installed_checksum = "sha256:ac081428ccb528455714122ca0d7ea0a433da2540c746e8da7cb88a0d547ea63"
dest_path = "agents/meridian-subagent.md"

[items."agents/outliner.md"]
source = "creative-writing-skills"
kind = "agent"
version = "v0.0.6"
source_checksum = "sha256:084aaf03a53a6d100e967ef5b7f300808973dfe3034918885db4d53303d74f67"
installed_checksum = "sha256:084aaf03a53a6d100e967ef5b7f300808973dfe3034918885db4d53303d74f67"
dest_path = "agents/outliner.md"

[items."agents/reader-sim.md"]
source = "creative-writing-skills"
kind = "agent"
version = "v0.0.6"
source_checksum = "sha256:a9f2ef28442176253f87fbb9d632cde5bca48fadd8b0ecc313f5b198fe450896"
installed_checksum = "sha256:a9f2ef28442176253f87fbb9d632cde5bca48fadd8b0ecc313f5b198fe450896"
dest_path = "agents/reader-sim.md"

[items."agents/researcher.md"]
source = "creative-writing-skills"
kind = "agent"
version = "v0.0.6"
source_checksum = "sha256:1945bed15719be0885b3375bfa2e8e9f9131adfe92235a2251feb3e714788352"
installed_checksum = "sha256:1945bed15719be0885b3375bfa2e8e9f9131adfe92235a2251feb3e714788352"
dest_path = "agents/researcher.md"

[items."agents/session-miner.md"]
source = "creative-writing-skills"
kind = "agent"
version = "v0.0.8"
source_checksum = "sha256:4b3607725344d8bc2e04360d91fb0cf899f34f06771ed57655dde82567162b96"
installed_checksum = "sha256:4b3607725344d8bc2e04360d91fb0cf899f34f06771ed57655dde82567162b96"
dest_path = "agents/session-miner.md"

[items."agents/story-orchestrator.md"]
source = "creative-writing-skills"
kind = "agent"
version = "v0.0.8"
source_checksum = "sha256:939c7b7f00df0ba5db60bead266d49c5d54ea95f4c58176990e93148ad39b6a2"
installed_checksum = "sha256:939c7b7f00df0ba5db60bead266d49c5d54ea95f4c58176990e93148ad39b6a2"
dest_path = "agents/story-orchestrator.md"

[items."agents/style-creator.md"]
source = "creative-writing-skills"
kind = "agent"
version = "v0.0.8"
source_checksum = "sha256:09c174b66a1013ca6bb330c84710d9af1c08dfe0e618038f5f889606ad982817"
installed_checksum = "sha256:09c174b66a1013ca6bb330c84710d9af1c08dfe0e618038f5f889606ad982817"
dest_path = "agents/style-creator.md"

[items."agents/wiki-editor.md"]
source = "creative-writing-skills"
kind = "agent"
version = "v0.0.6"
source_checksum = "sha256:6b0dc5975b48efa9b6465f84cad935aa97e1084017d5604b41f868da1c1a8733"
installed_checksum = "sha256:6b0dc5975b48efa9b6465f84cad935aa97e1084017d5604b41f868da1c1a8733"
dest_path = "agents/wiki-editor.md"

[items."agents/writer.md"]
source = "creative-writing-skills"
kind = "agent"
version = "v0.0.6"
source_checksum = "sha256:a66a599cc80f3aeb9bf4927c49da80dfc476f953df4889fead4b915141f9f906"
installed_checksum = "sha256:a66a599cc80f3aeb9bf4927c49da80dfc476f953df4889fead4b915141f9f906"
dest_path = "agents/writer.md"

[items."skills/agent-creator"]
source = "meridian-base"
kind = "skill"
version = "v0.0.12"
source_checksum = "sha256:51a74dabf3c7c0b7cbced2d3608247147d15c9bf478a3ecd0e334b6908e0ebbd"
installed_checksum = "sha256:51a74dabf3c7c0b7cbced2d3608247147d15c9bf478a3ecd0e334b6908e0ebbd"
dest_path = "skills/agent-creator"

[items."skills/brainstorming"]
source = "creative-writing-skills"
kind = "skill"
version = "v0.0.6"
source_checksum = "sha256:f49f3005e7f28a54bf65b467a14cdfbb6a7e5eb1ee2b9327b330ba87be011b78"
installed_checksum = "sha256:f49f3005e7f28a54bf65b467a14cdfbb6a7e5eb1ee2b9327b330ba87be011b78"
dest_path = "skills/brainstorming"

[items."skills/frontend-design"]
source = "anthropic-skills"
kind = "skill"
source_checksum = "sha256:3dc9d9c837c7f390c1bf8b13e4667cf167340067bfbaf6d734d644eb08c640a1"
installed_checksum = "sha256:3dc9d9c837c7f390c1bf8b13e4667cf167340067bfbaf6d734d644eb08c640a1"
dest_path = "skills/frontend-design"

[items."skills/knowledge-graph"]
source = "creative-writing-skills"
kind = "skill"
version = "v0.0.6"
source_checksum = "sha256:48ed31171be9ffa027f8f5d018495e311eebc30a636e7f961c122267f642197e"
installed_checksum = "sha256:48ed31171be9ffa027f8f5d018495e311eebc30a636e7f961c122267f642197e"
dest_path = "skills/knowledge-graph"

[items."skills/meridian-cli"]
source = "meridian-base"
kind = "skill"
version = "v0.0.12"
source_checksum = "sha256:559fe20f7d784d41e19968f3758d10bda0f9df8b852ad61f358a09ed1d75c345"
installed_checksum = "sha256:559fe20f7d784d41e19968f3758d10bda0f9df8b852ad61f358a09ed1d75c345"
dest_path = "skills/meridian-cli"

[items."skills/meridian-privilege-escalation"]
source = "meridian-base"
kind = "skill"
version = "v0.0.12"
source_checksum = "sha256:e0341d4ed3657d4a4c6a0a96f804376e6f960e3f7f2fd9b91ac8d672ea4e2938"
installed_checksum = "sha256:e0341d4ed3657d4a4c6a0a96f804376e6f960e3f7f2fd9b91ac8d672ea4e2938"
dest_path = "skills/meridian-privilege-escalation"

[items."skills/meridian-spawn"]
source = "meridian-base"
kind = "skill"
version = "v0.0.12"
source_checksum = "sha256:88bd69f9c3d0dddf6e2fa0cacd1ab095b186c245757df12d69fb39b9f58dac91"
installed_checksum = "sha256:88bd69f9c3d0dddf6e2fa0cacd1ab095b186c245757df12d69fb39b9f58dac91"
dest_path = "skills/meridian-spawn"

[items."skills/meridian-work-coordination"]
source = "meridian-base"
kind = "skill"
version = "v0.0.12"
source_checksum = "sha256:8fa41ae4296621e85a279379951a65333786773721faa3ff2db23faa322cc0cc"
installed_checksum = "sha256:8fa41ae4296621e85a279379951a65333786773721faa3ff2db23faa322cc0cc"
dest_path = "skills/meridian-work-coordination"

[items."skills/mermaid"]
source = "meridian-dev-workflow"
kind = "skill"
version = "v0.0.12"
source_checksum = "sha256:3685943c9f0f99a50b8cb9af402de98ea3948d013231b1841d9a48e7eb313b02"
installed_checksum = "sha256:3685943c9f0f99a50b8cb9af402de98ea3948d013231b1841d9a48e7eb313b02"
dest_path = "skills/mermaid"

[items."skills/prose-analysis"]
source = "creative-writing-skills"
kind = "skill"
version = "v0.0.8"
source_checksum = "sha256:71e96c13eef4749c2969fd9dc913ef3065dcd3a4eebe7fa33630e7cdc4548596"
installed_checksum = "sha256:71e96c13eef4749c2969fd9dc913ef3065dcd3a4eebe7fa33630e7cdc4548596"
dest_path = "skills/prose-analysis"

[items."skills/prose-critique"]
source = "creative-writing-skills"
kind = "skill"
version = "v0.0.6"
source_checksum = "sha256:5fd223b63196464029c366cd82fa5460c3181c93812dd29168cdb1f5f19f7ef7"
installed_checksum = "sha256:5fd223b63196464029c366cd82fa5460c3181c93812dd29168cdb1f5f19f7ef7"
dest_path = "skills/prose-critique"

[items."skills/prose-writing"]
source = "creative-writing-skills"
kind = "skill"
version = "v0.0.6"
source_checksum = "sha256:51e28402e79f1c770e1144eca1691235099971cb088d00f83ce6afdae360fa88"
installed_checksum = "sha256:51e28402e79f1c770e1144eca1691235099971cb088d00f83ce6afdae360fa88"
dest_path = "skills/prose-writing"

[items."skills/skill-creator"]
source = "meridian-base"
kind = "skill"
version = "v0.0.12"
source_checksum = "sha256:b87c7c496653be9b5e338b28842187ec60489619e58914476cbd7c5ebd94e7e3"
installed_checksum = "sha256:b87c7c496653be9b5e338b28842187ec60489619e58914476cbd7c5ebd94e7e3"
dest_path = "skills/skill-creator"

[items."skills/story-architecture"]
source = "creative-writing-skills"
kind = "skill"
version = "v0.0.6"
source_checksum = "sha256:e97b54908f70198a84ec12beeed5ac60324c90a87ca04a997e23f7cff31b6b11"
installed_checksum = "sha256:e97b54908f70198a84ec12beeed5ac60324c90a87ca04a997e23f7cff31b6b11"
dest_path = "skills/story-architecture"

[items."skills/story-context"]
source = "creative-writing-skills"
kind = "skill"
version = "v0.0.8"
source_checksum = "sha256:77a1f35b9101b6e7503d40eb50b17e23d0b21aa6eaaf684e85b189aed665cdfb"
installed_checksum = "sha256:77a1f35b9101b6e7503d40eb50b17e23d0b21aa6eaaf684e85b189aed665cdfb"
dest_path = "skills/story-context"

[items."skills/story-decisions"]
source = "creative-writing-skills"
kind = "skill"
version = "v0.0.8"
source_checksum = "sha256:f24e637cebff47ba38752f630e81db3cea9a2d4be32c0c35cf9b7fcb299597d9"
installed_checksum = "sha256:f24e637cebff47ba38752f630e81db3cea9a2d4be32c0c35cf9b7fcb299597d9"
dest_path = "skills/story-decisions"

[items."skills/wiki-docs"]
source = "creative-writing-skills"
kind = "skill"
version = "v0.0.6"
source_checksum = "sha256:503751e8d541e6cb18c64a2f6c731bd23c942238b5fb493308fd6aa6bbeef9c1"
installed_checksum = "sha256:503751e8d541e6cb18c64a2f6c731bd23c942238b5fb493308fd6aa6bbeef9c1"
dest_path = "skills/wiki-docs"

[items."skills/writing-artifacts"]
source = "creative-writing-skills"
kind = "skill"
version = "v0.0.8"
source_checksum = "sha256:3657642de9bb2ec5e5b98f2f8786cd02f610e4e6139b10597a5ca7cb3ac6c80d"
installed_checksum = "sha256:3657642de9bb2ec5e5b98f2f8786cd02f610e4e6139b10597a5ca7cb3ac6c80d"
dest_path = "skills/writing-artifacts"

[items."skills/writing-issues"]
source = "creative-writing-skills"
kind = "skill"
version = "v0.0.9"
source_checksum = "sha256:37d9967f337168453583a4cc9685bb3a61d6f72b9915e38d3d87fbea262a42dc"
installed_checksum = "sha256:37d9967f337168453583a4cc9685bb3a61d6f72b9915e38d3d87fbea262a42dc"
dest_path = "skills/writing-issues"

[items."skills/writing-principles"]
source = "creative-writing-skills"
kind = "skill"
version = "v0.0.6"
source_checksum = "sha256:41b2f59b71e62bce1ea43cfc5498616f0e29d938ea8e47640acc3442f0afe8bd"
installed_checksum = "sha256:41b2f59b71e62bce1ea43cfc5498616f0e29d938ea8e47640acc3442f0afe8bd"
dest_path = "skills/writing-principles"

[items."skills/writing-staffing"]
source = "creative-writing-skills"
kind = "skill"
version = "v0.0.8"
source_checksum = "sha256:58ad9ccc711db8725fe9c2086343d7bb0d50846dc611f323b334692781108478"
installed_checksum = "sha256:58ad9ccc711db8725fe9c2086343d7bb0d50846dc611f323b334692781108478"
dest_path = "skills/writing-staffing"
